
Microsoft Visual Studio Solution File, Format Version 12.00
# Visual Studio Version 17
VisualStudioVersion = 17.8.34511.84
MinimumVisualStudioVersion = 10.0.40219.1
Project("{2150E333-8FDC-42A3-9474-1A3956D46DE8}") = "API_BASED", "API_BASED", "{DE0B7A07-FB93-40CB-AC59-E33E4BA4CE9A}"
EndProject
Project("{9A19103F-16F7-4668-BE54-9A1E7A4F7556}") = "Service_A", "API_BASED\Service_A\Service_A.csproj", "{065AA532-E311-4F11-BD41-914D5FC1DE5D}"
EndProject
Project("{9A19103F-16F7-4668-BE54-9A1E7A4F7556}") = "Service_B", "API_BASED\Service_B\Service_B.csproj", "{D569607B-C0EC-424A-B71E-E5A4EFC4C184}"
EndProject
Project("{2150E333-8FDC-42A3-9474-1A3956D46DE8}") = "EVENT_BASED", "EVENT_BASED", "{0C61D8D4-38FD-4167-9314-19EDF01671AF}"
EndProject
Project("{FAE04EC0-301F-11D3-BF4B-00C04F79EFBC}") = "ServiceA", "EVENT_BASED\ServiceA\ServiceA.csproj", "{5A5E8279-55C7-424A-AFDA-E60CA2F8CCC8}"
EndProject
Project("{FAE04EC0-301F-11D3-BF4B-00C04F79EFBC}") = "ServiceB", "EVENT_BASED\ServiceB\ServiceB.csproj", "{FFBF54C0-47C7-41C8-92E5-06274C7067D7}"
EndProject
Project("{FAE04EC0-301F-11D3-BF4B-00C04F79EFBC}") = "Shared", "EVENT_BASED\Shared\Shared.csproj", "{49FFB773-74D4-4FD4-83C9-471E47091030}"
EndProject
Global
	GlobalSection(SolutionConfigurationPlatforms) = preSolution
		Debug|Any CPU = Debug|Any CPU
		Release|Any CPU = Release|Any CPU
	EndGlobalSection
	GlobalSection(ProjectConfigurationPlatforms) = postSolution
		{065AA532-E311-4F11-BD41-914D5FC1DE5D}.Debug|Any CPU.ActiveCfg = Debug|Any CPU
		{065AA532-E311-4F11-BD41-914D5FC1DE5D}.Debug|Any CPU.Build.0 = Debug|Any CPU
		{065AA532-E311-4F11-BD41-914D5FC1DE5D}.Release|Any CPU.ActiveCfg = Release|Any CPU
		{065AA532-E311-4F11-BD41-914D5FC1DE5D}.Release|Any CPU.Build.0 = Release|Any CPU
		{D569607B-C0EC-424A-B71E-E5A4EFC4C184}.Debug|Any CPU.ActiveCfg = Debug|Any CPU
		{D569607B-C0EC-424A-B71E-E5A4EFC4C184}.Debug|Any CPU.Build.0 = Debug|Any CPU
		{D569607B-C0EC-424A-B71E-E5A4EFC4C184}.Release|Any CPU.ActiveCfg = Release|Any CPU
		{D569607B-C0EC-424A-B71E-E5A4EFC4C184}.Release|Any CPU.Build.0 = Release|Any CPU
		{5A5E8279-55C7-424A-AFDA-E60CA2F8CCC8}.Debug|Any CPU.ActiveCfg = Debug|Any CPU
		{5A5E8279-55C7-424A-AFDA-E60CA2F8CCC8}.Debug|Any CPU.Build.0 = Debug|Any CPU
		{5A5E8279-55C7-424A-AFDA-E60CA2F8CCC8}.Release|Any CPU.ActiveCfg = Release|Any CPU
		{5A5E8279-55C7-424A-AFDA-E60CA2F8CCC8}.Release|Any CPU.Build.0 = Release|Any CPU
		{FFBF54C0-47C7-41C8-92E5-06274C7067D7}.Debug|Any CPU.ActiveCfg = Debug|Any CPU
		{FFBF54C0-47C7-41C8-92E5-06274C7067D7}.Debug|Any CPU.Build.0 = Debug|Any CPU
		{FFBF54C0-47C7-41C8-92E5-06274C7067D7}.Release|Any CPU.ActiveCfg = Release|Any CPU
		{FFBF54C0-47C7-41C8-92E5-06274C7067D7}.Release|Any CPU.Build.0 = Release|Any CPU
		{49FFB773-74D4-4FD4-83C9-471E47091030}.Debug|Any CPU.ActiveCfg = Debug|Any CPU
		{49FFB773-74D4-4FD4-83C9-471E47091030}.Debug|Any CPU.Build.0 = Debug|Any CPU
		{49FFB773-74D4-4FD4-83C9-471E47091030}.Release|Any CPU.ActiveCfg = Release|Any CPU
		{49FFB773-74D4-4FD4-83C9-471E47091030}.Release|Any CPU.Build.0 = Release|Any CPU
	EndGlobalSection
	GlobalSection(SolutionProperties) = preSolution
		HideSolutionNode = FALSE
	EndGlobalSection
	GlobalSection(NestedProjects) = preSolution
		{065AA532-E311-4F11-BD41-914D5FC1DE5D} = {DE0B7A07-FB93-40CB-AC59-E33E4BA4CE9A}
		{D569607B-C0EC-424A-B71E-E5A4EFC4C184} = {DE0B7A07-FB93-40CB-AC59-E33E4BA4CE9A}
		{5A5E8279-55C7-424A-AFDA-E60CA2F8CCC8} = {0C61D8D4-38FD-4167-9314-19EDF01671AF}
		{FFBF54C0-47C7-41C8-92E5-06274C7067D7} = {0C61D8D4-38FD-4167-9314-19EDF01671AF}
		{49FFB773-74D4-4FD4-83C9-471E47091030} = {0C61D8D4-38FD-4167-9314-19EDF01671AF}
	EndGlobalSection
	GlobalSection(ExtensibilityGlobals) = postSolution
		SolutionGuid = {0AEDB7AE-0003-44D1-AE01-14F0CAF3980A}
	EndGlobalSection
EndGlobal
