
Microsoft Visual Studio Solution File, Format Version 12.00
# Visual Studio Version 17
VisualStudioVersion = 17.8.34511.84
MinimumVisualStudioVersion = 10.0.40219.1
Project("{FAE04EC0-301F-11D3-BF4B-00C04F79EFBC}") = "Order.API", "Order.API\Order.API.csproj", "{21BC880B-7026-4A01-B891-831408D86FBF}"
EndProject
Project("{FAE04EC0-301F-11D3-BF4B-00C04F79EFBC}") = "Stock.API", "Stock.API\Stock.API.csproj", "{B4DB0D86-9743-4FF0-A207-EECE8116A428}"
EndProject
Project("{FAE04EC0-301F-11D3-BF4B-00C04F79EFBC}") = "Payment.API", "Payment.API\Payment.API.csproj", "{EC2CCCD0-5C4D-42F7-840C-356C48531105}"
EndProject
Project("{FAE04EC0-301F-11D3-BF4B-00C04F79EFBC}") = "SagaStateMachine.Service", "SagaStateMachine.Service\SagaStateMachine.Service.csproj", "{B5276928-1C96-413F-A6E4-D4990C9D41F5}"
EndProject
Project("{FAE04EC0-301F-11D3-BF4B-00C04F79EFBC}") = "Shared", "Shared\Shared.csproj", "{4E9EA5F1-C307-4D78-896B-B07C0EA99A62}"
EndProject
Global
	GlobalSection(SolutionConfigurationPlatforms) = preSolution
		Debug|Any CPU = Debug|Any CPU
		Release|Any CPU = Release|Any CPU
	EndGlobalSection
	GlobalSection(ProjectConfigurationPlatforms) = postSolution
		{21BC880B-7026-4A01-B891-831408D86FBF}.Debug|Any CPU.ActiveCfg = Debug|Any CPU
		{21BC880B-7026-4A01-B891-831408D86FBF}.Debug|Any CPU.Build.0 = Debug|Any CPU
		{21BC880B-7026-4A01-B891-831408D86FBF}.Release|Any CPU.ActiveCfg = Release|Any CPU
		{21BC880B-7026-4A01-B891-831408D86FBF}.Release|Any CPU.Build.0 = Release|Any CPU
		{B4DB0D86-9743-4FF0-A207-EECE8116A428}.Debug|Any CPU.ActiveCfg = Debug|Any CPU
		{B4DB0D86-9743-4FF0-A207-EECE8116A428}.Debug|Any CPU.Build.0 = Debug|Any CPU
		{B4DB0D86-9743-4FF0-A207-EECE8116A428}.Release|Any CPU.ActiveCfg = Release|Any CPU
		{B4DB0D86-9743-4FF0-A207-EECE8116A428}.Release|Any CPU.Build.0 = Release|Any CPU
		{EC2CCCD0-5C4D-42F7-840C-356C48531105}.Debug|Any CPU.ActiveCfg = Debug|Any CPU
		{EC2CCCD0-5C4D-42F7-840C-356C48531105}.Debug|Any CPU.Build.0 = Debug|Any CPU
		{EC2CCCD0-5C4D-42F7-840C-356C48531105}.Release|Any CPU.ActiveCfg = Release|Any CPU
		{EC2CCCD0-5C4D-42F7-840C-356C48531105}.Release|Any CPU.Build.0 = Release|Any CPU
		{B5276928-1C96-413F-A6E4-D4990C9D41F5}.Debug|Any CPU.ActiveCfg = Debug|Any CPU
		{B5276928-1C96-413F-A6E4-D4990C9D41F5}.Debug|Any CPU.Build.0 = Debug|Any CPU
		{B5276928-1C96-413F-A6E4-D4990C9D41F5}.Release|Any CPU.ActiveCfg = Release|Any CPU
		{B5276928-1C96-413F-A6E4-D4990C9D41F5}.Release|Any CPU.Build.0 = Release|Any CPU
		{4E9EA5F1-C307-4D78-896B-B07C0EA99A62}.Debug|Any CPU.ActiveCfg = Debug|Any CPU
		{4E9EA5F1-C307-4D78-896B-B07C0EA99A62}.Debug|Any CPU.Build.0 = Debug|Any CPU
		{4E9EA5F1-C307-4D78-896B-B07C0EA99A62}.Release|Any CPU.ActiveCfg = Release|Any CPU
		{4E9EA5F1-C307-4D78-896B-B07C0EA99A62}.Release|Any CPU.Build.0 = Release|Any CPU
	EndGlobalSection
	GlobalSection(SolutionProperties) = preSolution
		HideSolutionNode = FALSE
	EndGlobalSection
	GlobalSection(ExtensibilityGlobals) = postSolution
		SolutionGuid = {DABAF16A-77E5-434D-BCC7-8590342C45F8}
	EndGlobalSection
EndGlobal
